
Microsoft Visual Studio Solution File, Format Version 12.00
# Visual Studio Version 16
VisualStudioVersion = 16.0.30523.141
MinimumVisualStudioVersion = 10.0.40219.1
Project("{FAE04EC0-301F-11D3-BF4B-00C04F79EFBC}") = "09.IncreaseAgeStoredProcedure", "09.IncreaseAgeStoredProcedure\09.IncreaseAgeStoredProcedure.csproj", "{BADD8BBD-65ED-4BF9-9F36-2C320C07C9EE}"
EndProject
Global
	GlobalSection(SolutionConfigurationPlatforms) = preSolution
		Debug|Any CPU = Debug|Any CPU
		Release|Any CPU = Release|Any CPU
	EndGlobalSection
	GlobalSection(ProjectConfigurationPlatforms) = postSolution
		{BADD8BBD-65ED-4BF9-9F36-2C320C07C9EE}.Debug|Any CPU.ActiveCfg = Debug|Any CPU
		{BADD8BBD-65ED-4BF9-9F36-2C320C07C9EE}.Debug|Any CPU.Build.0 = Debug|Any CPU
		{BADD8BBD-65ED-4BF9-9F36-2C320C07C9EE}.Release|Any CPU.ActiveCfg = Release|Any CPU
		{BADD8BBD-65ED-4BF9-9F36-2C320C07C9EE}.Release|Any CPU.Build.0 = Release|Any CPU
	EndGlobalSection
	GlobalSection(SolutionProperties) = preSolution
		HideSolutionNode = FALSE
	EndGlobalSection
	GlobalSection(ExtensibilityGlobals) = postSolution
		SolutionGuid = {1C8E4D52-002A-4B85-B077-DE0B71AEFD75}
	EndGlobalSection
EndGlobal
