
Microsoft Visual Studio Solution File, Format Version 12.00
# Visual Studio Version 16
VisualStudioVersion = 16.0.30717.126
MinimumVisualStudioVersion = 10.0.40219.1
Project("{FAE04EC0-301F-11D3-BF4B-00C04F79EFBC}") = "05.ChangeTownNamesCasing", "05.ChangeTownNamesCasing\05.ChangeTownNamesCasing.csproj", "{5B92F982-068C-49E1-9FF8-543BE0346BEF}"
EndProject
Global
	GlobalSection(SolutionConfigurationPlatforms) = preSolution
		Debug|Any CPU = Debug|Any CPU
		Release|Any CPU = Release|Any CPU
	EndGlobalSection
	GlobalSection(ProjectConfigurationPlatforms) = postSolution
		{5B92F982-068C-49E1-9FF8-543BE0346BEF}.Debug|Any CPU.ActiveCfg = Debug|Any CPU
		{5B92F982-068C-49E1-9FF8-543BE0346BEF}.Debug|Any CPU.Build.0 = Debug|Any CPU
		{5B92F982-068C-49E1-9FF8-543BE0346BEF}.Release|Any CPU.ActiveCfg = Release|Any CPU
		{5B92F982-068C-49E1-9FF8-543BE0346BEF}.Release|Any CPU.Build.0 = Release|Any CPU
	EndGlobalSection
	GlobalSection(SolutionProperties) = preSolution
		HideSolutionNode = FALSE
	EndGlobalSection
	GlobalSection(ExtensibilityGlobals) = postSolution
		SolutionGuid = {434DFA62-0453-426A-85E0-C1BEBAE2057A}
	EndGlobalSection
EndGlobal
