
Microsoft Visual Studio Solution File, Format Version 12.00
# Visual Studio Version 16
VisualStudioVersion = 16.0.30523.141
MinimumVisualStudioVersion = 10.0.40219.1
Project("{FAE04EC0-301F-11D3-BF4B-00C04F79EFBC}") = "04.AddMinion", "04.AddMinion\04.AddMinion.csproj", "{13340681-FCB4-4C05-B6A1-253D90F1B11C}"
EndProject
Global
	GlobalSection(SolutionConfigurationPlatforms) = preSolution
		Debug|Any CPU = Debug|Any CPU
		Release|Any CPU = Release|Any CPU
	EndGlobalSection
	GlobalSection(ProjectConfigurationPlatforms) = postSolution
		{13340681-FCB4-4C05-B6A1-253D90F1B11C}.Debug|Any CPU.ActiveCfg = Debug|Any CPU
		{13340681-FCB4-4C05-B6A1-253D90F1B11C}.Debug|Any CPU.Build.0 = Debug|Any CPU
		{13340681-FCB4-4C05-B6A1-253D90F1B11C}.Release|Any CPU.ActiveCfg = Release|Any CPU
		{13340681-FCB4-4C05-B6A1-253D90F1B11C}.Release|Any CPU.Build.0 = Release|Any CPU
	EndGlobalSection
	GlobalSection(SolutionProperties) = preSolution
		HideSolutionNode = FALSE
	EndGlobalSection
	GlobalSection(ExtensibilityGlobals) = postSolution
		SolutionGuid = {DC57F65E-CAB3-45DB-8329-3C524D5F27E2}
	EndGlobalSection
EndGlobal
